PODS:
  - Alamofire (5.4.3)
  - ImageSlideshow (1.9.2):
    - ImageSlideshow/Core (= 1.9.2)
  - ImageSlideshow/Core (1.9.2)
  - ImageSlideshow/Kingfisher (1.9.2):
    - ImageSlideshow/Core
    - Kingfisher (> 3.0)
  - Kingfisher (7.1.1)
  - SDWebImage (5.10.4):
    - SDWebImage/Core (= 5.10.4)
  - SDWebImage/Core (5.10.4)

DEPENDENCIES:
  - Alamofire (~> 5.2)
  - ImageSlideshow (~> 1.9)
  - ImageSlideshow/Kingfisher
  - SDWebImage

SPEC REPOS:
  trunk:
    - Alamofire
    - ImageSlideshow
    - Kingfisher
    - SDWebImage

SPEC CHECKSUMS:
  Alamofire: e447a2774a40c996748296fa2c55112fdbbc42f9
  ImageSlideshow: be305b54eaf2b2cfc7a7141c7c734605d44dc07d
  Kingfisher: f738f9c4a3415823b8e2985d10aa2d6a9f37bc4d
  SDWebImage: c666b97e1fa9c64b4909816a903322018f0a9c84

PODFILE CHECKSUM: 3e41f6a2efe995a93215375999bf259232264810

COCOAPODS: 1.11.2
